
Microsoft Visual Studio Solution File, Format Version 12.00
# Visual Studio Version 16
VisualStudioVersion = 16.0.30907.101
MinimumVisualStudioVersion = 10.0.40219.1
Project("{FAE04EC0-301F-11D3-BF4B-00C04F79EFBC}") = "PDFExtract", "PDFExtract.csproj", "{05026410-D7F3-4578-A3E7-08468F9CFB95}"
EndProject
Global
	GlobalSection(SolutionConfigurationPlatforms) = preSolution
		Debug|Any CPU = Debug|Any CPU
		Release|Any CPU = Release|Any CPU
	EndGlobalSection
	GlobalSection(ProjectConfigurationPlatforms) = postSolution
		{05026410-D7F3-4578-A3E7-08468F9CFB95}.Debug|Any CPU.ActiveCfg = Debug|Any CPU
		{05026410-D7F3-4578-A3E7-08468F9CFB95}.Debug|Any CPU.Build.0 = Debug|Any CPU
		{05026410-D7F3-4578-A3E7-08468F9CFB95}.Release|Any CPU.ActiveCfg = Release|Any CPU
		{05026410-D7F3-4578-A3E7-08468F9CFB95}.Release|Any CPU.Build.0 = Release|Any CPU
	EndGlobalSection
	GlobalSection(SolutionProperties) = preSolution
		HideSolutionNode = FALSE
	EndGlobalSection
	GlobalSection(ExtensibilityGlobals) = postSolution
		SolutionGuid = {92436F81-F39C-4019-9D7A-75E23509290F}
	EndGlobalSection
EndGlobal
